// !$*UTF8*$!
{
	archiveVersion = 1;
	classes = {
	};
	objectVersion = 56;
	objects = {

/* Begin PBXBuildFile section */
		C499B9B02BF7EF9D00601DDB /* SelectRandomRestaurantView.swift in Sources */ = {isa = PBXBuildFile; fileRef = C499B9AF2BF7EF9D00601DDB /* SelectRandomRestaurantView.swift */; };
		C4FA54972BD853F100309BCC /* Where_TO_eatApp.swift in Sources */ = {isa = PBXBuildFile; fileRef = C4FA54962BD853F100309BCC /* Where_TO_eatApp.swift */; };
		C4FA54992BD853F100309BCC /* ContentView.swift in Sources */ = {isa = PBXBuildFile; fileRef = C4FA54982BD853F100309BCC /* ContentView.swift */; };
		C4FA549B2BD853F100309BCC /* Item.swift in Sources */ = {isa = PBXBuildFile; fileRef = C4FA549A2BD853F100309BCC /* Item.swift */; };
		C4FA549D2BD853F400309BCC /* Assets.xcassets in Resources */ = {isa = PBXBuildFile; fileRef = C4FA549C2BD853F400309BCC /* Assets.xcassets */; };
		C4FA54A02BD853F400309BCC /* Preview Assets.xcassets in Resources */ = {isa = PBXBuildFile; fileRef = C4FA549F2BD853F400309BCC /* Preview Assets.xcassets */; };
		C4FA54AA2BD853F500309BCC /* Where_TO_eatTests.swift in Sources */ = {isa = PBXBuildFile; fileRef = C4FA54A92BD853F500309BCC /* Where_TO_eatTests.swift */; };
		C4FA54B42BD853F500309BCC /* Where_TO_eatUITests.swift in Sources */ = {isa = PBXBuildFile; fileRef = C4FA54B32BD853F500309BCC /* Where_TO_eatUITests.swift */; };
		C4FA54B62BD853F500309BCC /* Where_TO_eatUITestsLaunchTests.swift in Sources */ = {isa = PBXBuildFile; fileRef = C4FA54B52BD853F500309BCC /* Where_TO_eatUITestsLaunchTests.swift */; };
		C4FA54C32BD8694B00309BCC /* InputRestaurantsView.swift in Sources */ = {isa = PBXBuildFile; fileRef = C4FA54C22BD8694A00309BCC /* InputRestaurantsView.swift */; };
		C4FA54C72BDEE0AC00309BCC /* FortuneWheel in Frameworks */ = {isa = PBXBuildFile; productRef = C4FA54C62BDEE0AC00309BCC /* FortuneWheel */; };
/* End PBXBuildFile section */

/* Begin PBXContainerItemProxy section */
		C4FA54A62BD853F400309BCC /* PBXContainerItemProxy */ = {
			isa = PBXContainerItemProxy;
			containerPortal = C4FA548B2BD853F100309BCC /* Project object */;
			proxyType = 1;
			remoteGlobalIDString = C4FA54922BD853F100309BCC;
			remoteInfo = "Where-TO-eat";
		};
		C4FA54B02BD853F500309BCC /* PBXContainerItemProxy */ = {
			isa = PBXContainerItemProxy;
			containerPortal = C4FA548B2BD853F100309BCC /* Project object */;
			proxyType = 1;
			remoteGlobalIDString = C4FA54922BD853F100309BCC;
			remoteInfo = "Where-TO-eat";
		};
/* End PBXContainerItemProxy section */

/* Begin PBXFileReference section */
		C499B9AF2BF7EF9D00601DDB /* SelectRandomRestaurantView.swift */ = {isa = PBXFileReference; lastKnownFileType = sourcecode.swift; path = SelectRandomRestaurantView.swift; sourceTree = "<group>"; };
		C4FA54932BD853F100309BCC /* Where-TO-eat.app */ = {isa = PBXFileReference; explicitFileType = wrapper.application; includeInIndex = 0; path = "Where-TO-eat.app"; sourceTree = BUILT_PRODUCTS_DIR; };
		C4FA54962BD853F100309BCC /* Where_TO_eatApp.swift */ = {isa = PBXFileReference; lastKnownFileType = sourcecode.swift; path = Where_TO_eatApp.swift; sourceTree = "<group>"; };
		C4FA54982BD853F100309BCC /* ContentView.swift */ = {isa = PBXFileReference; lastKnownFileType = sourcecode.swift; path = ContentView.swift; sourceTree = "<group>"; };
		C4FA549A2BD853F100309BCC /* Item.swift */ = {isa = PBXFileReference; lastKnownFileType = sourcecode.swift; path = Item.swift; sourceTree = "<group>"; };
		C4FA549C2BD853F400309BCC /* Assets.xcassets */ = {isa = PBXFileReference; lastKnownFileType = folder.assetcatalog; path = Assets.xcassets; sourceTree = "<group>"; };
		C4FA549F2BD853F400309BCC /* Preview Assets.xcassets */ = {isa = PBXFileReference; lastKnownFileType = folder.assetcatalog; path = "Preview Assets.xcassets"; sourceTree = "<group>"; };
		C4FA54A52BD853F400309BCC /* Where-TO-eatTests.xctest */ = {isa = PBXFileReference; explicitFileType = wrapper.cfbundle; includeInIndex = 0; path = "Where-TO-eatTests.xctest"; sourceTree = BUILT_PRODUCTS_DIR; };
		C4FA54A92BD853F500309BCC /* Where_TO_eatTests.swift */ = {isa = PBXFileReference; lastKnownFileType = sourcecode.swift; path = Where_TO_eatTests.swift; sourceTree = "<group>"; };
		C4FA54AF2BD853F500309BCC /* Where-TO-eatUITests.xctest */ = {isa = PBXFileReference; explicitFileType = wrapper.cfbundle; includeInIndex = 0; path = "Where-TO-eatUITests.xctest"; sourceTree = BUILT_PRODUCTS_DIR; };
		C4FA54B32BD853F500309BCC /* Where_TO_eatUITests.swift */ = {isa = PBXFileReference; lastKnownFileType = sourcecode.swift; path = Where_TO_eatUITests.swift; sourceTree = "<group>"; };
		C4FA54B52BD853F500309BCC /* Where_TO_eatUITestsLaunchTests.swift */ = {isa = PBXFileReference; lastKnownFileType = sourcecode.swift; path = Where_TO_eatUITestsLaunchTests.swift; sourceTree = "<group>"; };
		C4FA54C22BD8694A00309BCC /* InputRestaurantsView.swift */ = {isa = PBXFileReference; lastKnownFileType = sourcecode.swift; path = InputRestaurantsView.swift; sourceTree = "<group>"; };
/* End PBXFileReference section */

/* Begin PBXFrameworksBuildPhase section */
		C4FA54902BD853F100309BCC /* Frameworks */ = {
			isa = PBXFrameworksBuildPhase;
			buildActionMask = 2147483647;
			files = (
				C4FA54C72BDEE0AC00309BCC /* FortuneWheel in Frameworks */,
			);
			runOnlyForDeploymentPostprocessing = 0;
		};
		C4FA54A22BD853F400309BCC /* Frameworks */ = {
			isa = PBXFrameworksBuildPhase;
			buildActionMask = 2147483647;
			files = (
			);
			runOnlyForDeploymentPostprocessing = 0;
		};
		C4FA54AC2BD853F500309BCC /* Frameworks */ = {
			isa = PBXFrameworksBuildPhase;
			buildActionMask = 2147483647;
			files = (
			);
			runOnlyForDeploymentPostprocessing = 0;
		};
/* End PBXFrameworksBuildPhase section */

/* Begin PBXGroup section */
		C4FA548A2BD853F100309BCC = {
			isa = PBXGroup;
			children = (
				C4FA54952BD853F100309BCC /* Where-TO-eat */,
				C4FA54A82BD853F500309BCC /* Where-TO-eatTests */,
				C4FA54B22BD853F500309BCC /* Where-TO-eatUITests */,
				C4FA54942BD853F100309BCC /* Products */,
			);
			sourceTree = "<group>";
		};
		C4FA54942BD853F100309BCC /* Products */ = {
			isa = PBXGroup;
			children = (
				C4FA54932BD853F100309BCC /* Where-TO-eat.app */,
				C4FA54A52BD853F400309BCC /* Where-TO-eatTests.xctest */,
				C4FA54AF2BD853F500309BCC /* Where-TO-eatUITests.xctest */,
			);
			name = Products;
			sourceTree = "<group>";
		};
		C4FA54952BD853F100309BCC /* Where-TO-eat */ = {
			isa = PBXGroup;
			children = (
				C4FA54962BD853F100309BCC /* Where_TO_eatApp.swift */,
				C4FA54982BD853F100309BCC /* ContentView.swift */,
				C499B9AF2BF7EF9D00601DDB /* SelectRandomRestaurantView.swift */,
				C4FA549A2BD853F100309BCC /* Item.swift */,
				C4FA549C2BD853F400309BCC /* Assets.xcassets */,
				C4FA549E2BD853F400309BCC /* Preview Content */,
				C4FA54C22BD8694A00309BCC /* InputRestaurantsView.swift */,
			);
			path = "Where-TO-eat";
			sourceTree = "<group>";
		};
		C4FA549E2BD853F400309BCC /* Preview Content */ = {
			isa = PBXGroup;
			children = (
				C4FA549F2BD853F400309BCC /* Preview Assets.xcassets */,
			);
			path = "Preview Content";
			sourceTree = "<group>";
		};
		C4FA54A82BD853F500309BCC /* Where-TO-eatTests */ = {
			isa = PBXGroup;
			children = (
				C4FA54A92BD853F500309BCC /* Where_TO_eatTests.swift */,
			);
			path = "Where-TO-eatTests";
			sourceTree = "<group>";
		};
		C4FA54B22BD853F500309BCC /* Where-TO-eatUITests */ = {
			isa = PBXGroup;
			children = (
				C4FA54B32BD853F500309BCC /* Where_TO_eatUITests.swift */,
				C4FA54B52BD853F500309BCC /* Where_TO_eatUITestsLaunchTests.swift */,
			);
			path = "Where-TO-eatUITests";
			sourceTree = "<group>";
		};
/* End PBXGroup section */

/* Begin PBXNativeTarget section */
		C4FA54922BD853F100309BCC /* Where-TO-eat */ = {
			isa = PBXNativeTarget;
			buildConfigurationList = C4FA54B92BD853F500309BCC /* Build configuration list for PBXNativeTarget "Where-TO-eat" */;
			buildPhases = (
				C4FA548F2BD853F100309BCC /* Sources */,
				C4FA54902BD853F100309BCC /* Frameworks */,
				C4FA54912BD853F100309BCC /* Resources */,
			);
			buildRules = (
			);
			dependencies = (
			);
			name = "Where-TO-eat";
			packageProductDependencies = (
				C4FA54C62BDEE0AC00309BCC /* FortuneWheel */,
			);
			productName = "Where-TO-eat";
			productReference = C4FA54932BD853F100309BCC /* Where-TO-eat.app */;
			productType = "com.apple.product-type.application";
		};
		C4FA54A42BD853F400309BCC /* Where-TO-eatTests */ = {
			isa = PBXNativeTarget;
			buildConfigurationList = C4FA54BC2BD853F500309BCC /* Build configuration list for PBXNativeTarget "Where-TO-eatTests" */;
			buildPhases = (
				C4FA54A12BD853F400309BCC /* Sources */,
				C4FA54A22BD853F400309BCC /* Frameworks */,
				C4FA54A32BD853F400309BCC /* Resources */,
			);
			buildRules = (
			);
			dependencies = (
				C4FA54A72BD853F400309BCC /* PBXTargetDependency */,
			);
			name = "Where-TO-eatTests";
			productName = "Where-TO-eatTests";
			productReference = C4FA54A52BD853F400309BCC /* Where-TO-eatTests.xctest */;
			productType = "com.apple.product-type.bundle.unit-test";
		};
		C4FA54AE2BD853F500309BCC /* Where-TO-eatUITests */ = {
			isa = PBXNativeTarget;
			buildConfigurationList = C4FA54BF2BD853F500309BCC /* Build configuration list for PBXNativeTarget "Where-TO-eatUITests" */;
			buildPhases = (
				C4FA54AB2BD853F500309BCC /* Sources */,
				C4FA54AC2BD853F500309BCC /* Frameworks */,
				C4FA54AD2BD853F500309BCC /* Resources */,
			);
			buildRules = (
			);
			dependencies = (
				C4FA54B12BD853F500309BCC /* PBXTargetDependency */,
			);
			name = "Where-TO-eatUITests";
			productName = "Where-TO-eatUITests";
			productReference = C4FA54AF2BD853F500309BCC /* Where-TO-eatUITests.xctest */;
			productType = "com.apple.product-type.bundle.ui-testing";
		};
/* End PBXNativeTarget section */

/* Begin PBXProject section */
		C4FA548B2BD853F100309BCC /* Project object */ = {
			isa = PBXProject;
			attributes = {
				BuildIndependentTargetsInParallel = 1;
				LastSwiftUpdateCheck = 1530;
				LastUpgradeCheck = 1530;
				TargetAttributes = {
					C4FA54922BD853F100309BCC = {
						CreatedOnToolsVersion = 15.3;
					};
					C4FA54A42BD853F400309BCC = {
						CreatedOnToolsVersion = 15.3;
						TestTargetID = C4FA54922BD853F100309BCC;
					};
					C4FA54AE2BD853F500309BCC = {
						CreatedOnToolsVersion = 15.3;
						TestTargetID = C4FA54922BD853F100309BCC;
					};
				};
			};
			buildConfigurationList = C4FA548E2BD853F100309BCC /* Build configuration list for PBXProject "Where-TO-eat" */;
			compatibilityVersion = "Xcode 14.0";
			developmentRegion = en;
			hasScannedForEncodings = 0;
			knownRegions = (
				en,
				Base,
			);
			mainGroup = C4FA548A2BD853F100309BCC;
			packageReferences = (
				C4FA54C42BDED73B00309BCC /* XCRemoteSwiftPackageReference "SwiftFortuneWheel" */,
				C4FA54C52BDEE0AC00309BCC /* XCRemoteSwiftPackageReference "FortuneWheel" */,
			);
			productRefGroup = C4FA54942BD853F100309BCC /* Products */;
			projectDirPath = "";
			projectRoot = "";
			targets = (
				C4FA54922BD853F100309BCC /* Where-TO-eat */,
				C4FA54A42BD853F400309BCC /* Where-TO-eatTests */,
				C4FA54AE2BD853F500309BCC /* Where-TO-eatUITests */,
			);
		};
/* End PBXProject section */

/* Begin PBXResourcesBuildPhase section */
		C4FA54912BD853F100309BCC /* Resources */ = {
			isa = PBXResourcesBuildPhase;
			buildActionMask = 2147483647;
			files = (
				C4FA54A02BD853F400309BCC /* Preview Assets.xcassets in Resources */,
				C4FA549D2BD853F400309BCC /* Assets.xcassets in Resources */,
			);
			runOnlyForDeploymentPostprocessing = 0;
		};
		C4FA54A32BD853F400309BCC /* Resources */ = {
			isa = PBXResourcesBuildPhase;
			buildActionMask = 2147483647;
			files = (
			);
			runOnlyForDeploymentPostprocessing = 0;
		};
		C4FA54AD2BD853F500309BCC /* Resources */ = {
			isa = PBXResourcesBuildPhase;
			buildActionMask = 2147483647;
			files = (
			);
			runOnlyForDeploymentPostprocessing = 0;
		};
/* End PBXResourcesBuildPhase section */

/* Begin PBXSourcesBuildPhase section */
		C4FA548F2BD853F100309BCC /* Sources */ = {
			isa = PBXSourcesBuildPhase;
			buildActionMask = 2147483647;
			files = (
				C499B9B02BF7EF9D00601DDB /* SelectRandomRestaurantView.swift in Sources */,
				C4FA54C32BD8694B00309BCC /* InputRestaurantsView.swift in Sources */,
				C4FA54992BD853F100309BCC /* ContentView.swift in Sources */,
				C4FA549B2BD853F100309BCC /* Item.swift in Sources */,
				C4FA54972BD853F100309BCC /* Where_TO_eatApp.swift in Sources */,
			);
			runOnlyForDeploymentPostprocessing = 0;
		};
		C4FA54A12BD853F400309BCC /* Sources */ = {
			isa = PBXSourcesBuildPhase;
			buildActionMask = 2147483647;
			files = (
				C4FA54AA2BD853F500309BCC /* Where_TO_eatTests.swift in Sources */,
			);
			runOnlyForDeploymentPostprocessing = 0;
		};
		C4FA54AB2BD853F500309BCC /* Sources */ = {
			isa = PBXSourcesBuildPhase;
			buildActionMask = 2147483647;
			files = (
				C4FA54B62BD853F500309BCC /* Where_TO_eatUITestsLaunchTests.swift in Sources */,
				C4FA54B42BD853F500309BCC /* Where_TO_eatUITests.swift in Sources */,
			);
			runOnlyForDeploymentPostprocessing = 0;
		};
/* End PBXSourcesBuildPhase section */

/* Begin PBXTargetDependency section */
		C4FA54A72BD853F400309BCC /* PBXTargetDependency */ = {
			isa = PBXTargetDependency;
			target = C4FA54922BD853F100309BCC /* Where-TO-eat */;
			targetProxy = C4FA54A62BD853F400309BCC /* PBXContainerItemProxy */;
		};
		C4FA54B12BD853F500309BCC /* PBXTargetDependency */ = {
			isa = PBXTargetDependency;
			target = C4FA54922BD853F100309BCC /* Where-TO-eat */;
			targetProxy = C4FA54B02BD853F500309BCC /* PBXContainerItemProxy */;
		};
/* End PBXTargetDependency section */

/* Begin XCBuildConfiguration section */
		C4FA54B72BD853F500309BCC /* Debug */ = {
			isa = XCBuildConfiguration;
			buildSettings = {
				ALWAYS_SEARCH_USER_PATHS = NO;
				ASSETCATALOG_COMPILER_GENERATE_SWIFT_ASSET_SYMBOL_EXTENSIONS = YES;
				CLANG_ANALYZER_NONNULL = YES;
				CLANG_ANALYZER_NUMBER_OBJECT_CONVERSION = YES_AGGRESSIVE;
				CLANG_CXX_LANGUAGE_STANDARD = "gnu++20";
				CLANG_ENABLE_MODULES = YES;
				CLANG_ENABLE_OBJC_ARC = YES;
				CLANG_ENABLE_OBJC_WEAK = YES;
				CLANG_WARN_BLOCK_CAPTURE_AUTORELEASING = YES;
				CLANG_WARN_BOOL_CONVERSION = YES;
				CLANG_WARN_COMMA = YES;
				CLANG_WARN_CONSTANT_CONVERSION = YES;
				CLANG_WARN_DEPRECATED_OBJC_IMPLEMENTATIONS = YES;
				CLANG_WARN_DIRECT_OBJC_ISA_USAGE = YES_ERROR;
				CLANG_WARN_DOCUMENTATION_COMMENTS = YES;
				CLANG_WARN_EMPTY_BODY = YES;
				CLANG_WARN_ENUM_CONVERSION = YES;
				CLANG_WARN_INFINITE_RECURSION = YES;
				CLANG_WARN_INT_CONVERSION = YES;
				CLANG_WARN_NON_LITERAL_NULL_CONVERSION = YES;
				CLANG_WARN_OBJC_IMPLICIT_RETAIN_SELF = YES;
				CLANG_WARN_OBJC_LITERAL_CONVERSION = YES;
				CLANG_WARN_OBJC_ROOT_CLASS = YES_ERROR;
				CLANG_WARN_QUOTED_INCLUDE_IN_FRAMEWORK_HEADER = YES;
				CLANG_WARN_RANGE_LOOP_ANALYSIS = YES;
				CLANG_WARN_STRICT_PROTOTYPES = YES;
				CLANG_WARN_SUSPICIOUS_MOVE = YES;
				CLANG_WARN_UNGUARDED_AVAILABILITY = YES_AGGRESSIVE;
				CLANG_WARN_UNREACHABLE_CODE = YES;
				CLANG_WARN__DUPLICATE_METHOD_MATCH = YES;
				COPY_PHASE_STRIP = NO;
				DEBUG_INFORMATION_FORMAT = dwarf;
				ENABLE_STRICT_OBJC_MSGSEND = YES;
				ENABLE_TESTABILITY = YES;
				ENABLE_USER_SCRIPT_SANDBOXING = YES;
				GCC_C_LANGUAGE_STANDARD = gnu17;
				GCC_DYNAMIC_NO_PIC = NO;
				GCC_NO_COMMON_BLOCKS = YES;
				GCC_OPTIMIZATION_LEVEL = 0;
				GCC_PREPROCESSOR_DEFINITIONS = (
					"DEBUG=1",
					"$(inherited)",
				);
				GCC_WARN_64_TO_32_BIT_CONVERSION = YES;
				GCC_WARN_ABOUT_RETURN_TYPE = YES_ERROR;
				GCC_WARN_UNDECLARED_SELECTOR = YES;
				GCC_WARN_UNINITIALIZED_AUTOS = YES_AGGRESSIVE;
				GCC_WARN_UNUSED_FUNCTION = YES;
				GCC_WARN_UNUSED_VARIABLE = YES;
				IPHONEOS_DEPLOYMENT_TARGET = 17.4;
				LOCALIZATION_PREFERS_STRING_CATALOGS = YES;
				MTL_ENABLE_DEBUG_INFO = INCLUDE_SOURCE;
				MTL_FAST_MATH = YES;
				ONLY_ACTIVE_ARCH = YES;
				SDKROOT = iphoneos;
				SWIFT_ACTIVE_COMPILATION_CONDITIONS = "DEBUG $(inherited)";
				SWIFT_OPTIMIZATION_LEVEL = "-Onone";
			};
			name = Debug;
		};
		C4FA54B82BD853F500309BCC /* Release */ = {
			isa = XCBuildConfiguration;
			buildSettings = {
				ALWAYS_SEARCH_USER_PATHS = NO;
				ASSETCATALOG_COMPILER_GENERATE_SWIFT_ASSET_SYMBOL_EXTENSIONS = YES;
				CLANG_ANALYZER_NONNULL = YES;
				CLANG_ANALYZER_NUMBER_OBJECT_CONVERSION = YES_AGGRESSIVE;
				CLANG_CXX_LANGUAGE_STANDARD = "gnu++20";
				CLANG_ENABLE_MODULES = YES;
				CLANG_ENABLE_OBJC_ARC = YES;
				CLANG_ENABLE_OBJC_WEAK = YES;
				CLANG_WARN_BLOCK_CAPTURE_AUTORELEASING = YES;
				CLANG_WARN_BOOL_CONVERSION = YES;
				CLANG_WARN_COMMA = YES;
				CLANG_WARN_CONSTANT_CONVERSION = YES;
				CLANG_WARN_DEPRECATED_OBJC_IMPLEMENTATIONS = YES;
				CLANG_WARN_DIRECT_OBJC_ISA_USAGE = YES_ERROR;
				CLANG_WARN_DOCUMENTATION_COMMENTS = YES;
				CLANG_WARN_EMPTY_BODY = YES;
				CLANG_WARN_ENUM_CONVERSION = YES;
				CLANG_WARN_INFINITE_RECURSION = YES;
				CLANG_WARN_INT_CONVERSION = YES;
				CLANG_WARN_NON_LITERAL_NULL_CONVERSION = YES;
				CLANG_WARN_OBJC_IMPLICIT_RETAIN_SELF = YES;
				CLANG_WARN_OBJC_LITERAL_CONVERSION = YES;
				CLANG_WARN_OBJC_ROOT_CLASS = YES_ERROR;
				CLANG_WARN_QUOTED_INCLUDE_IN_FRAMEWORK_HEADER = YES;
				CLANG_WARN_RANGE_LOOP_ANALYSIS = YES;
				CLANG_WARN_STRICT_PROTOTYPES = YES;
				CLANG_WARN_SUSPICIOUS_MOVE = YES;
				CLANG_WARN_UNGUARDED_AVAILABILITY = YES_AGGRESSIVE;
				CLANG_WARN_UNREACHABLE_CODE = YES;
				CLANG_WARN__DUPLICATE_METHOD_MATCH = YES;
				COPY_PHASE_STRIP = NO;
				DEBUG_INFORMATION_FORMAT = "dwarf-with-dsym";
				ENABLE_NS_ASSERTIONS = NO;
				ENABLE_STRICT_OBJC_MSGSEND = YES;
				ENABLE_USER_SCRIPT_SANDBOXING = YES;
				GCC_C_LANGUAGE_STANDARD = gnu17;
				GCC_NO_COMMON_BLOCKS = YES;
				GCC_WARN_64_TO_32_BIT_CONVERSION = YES;
				GCC_WARN_ABOUT_RETURN_TYPE = YES_ERROR;
				GCC_WARN_UNDECLARED_SELECTOR = YES;
				GCC_WARN_UNINITIALIZED_AUTOS = YES_AGGRESSIVE;
				GCC_WARN_UNUSED_FUNCTION = YES;
				GCC_WARN_UNUSED_VARIABLE = YES;
				IPHONEOS_DEPLOYMENT_TARGET = 17.4;
				LOCALIZATION_PREFERS_STRING_CATALOGS = YES;
				MTL_ENABLE_DEBUG_INFO = NO;
				MTL_FAST_MATH = YES;
				SDKROOT = iphoneos;
				SWIFT_COMPILATION_MODE = wholemodule;
				VALIDATE_PRODUCT = YES;
			};
			name = Release;
		};
		C4FA54BA2BD853F500309BCC /* Debug */ = {
			isa = XCBuildConfiguration;
			buildSettings = {
				ASSETCATALOG_COMPILER_APPICON_NAME = AppIcon;
				ASSETCATALOG_COMPILER_GLOBAL_ACCENT_COLOR_NAME = AccentColor;
				CODE_SIGN_STYLE = Automatic;
				CURRENT_PROJECT_VERSION = 1;
				DEVELOPMENT_ASSET_PATHS = "\"Where-TO-eat/Preview Content\"";
				ENABLE_PREVIEWS = YES;
				GENERATE_INFOPLIST_FILE = YES;
				INFOPLIST_KEY_UIApplicationSceneManifest_Generation = YES;
				INFOPLIST_KEY_UIApplicationSupportsIndirectInputEvents = YES;
				INFOPLIST_KEY_UILaunchScreen_Generation = YES;
				INFOPLIST_KEY_UISupportedInterfaceOrientations_iPad = "UIInterfaceOrientationPortrait UIInterfaceOrientationPortraitUpsideDown UIInterfaceOrientationLandscapeLeft UIInterfaceOrientationLandscapeRight";
				INFOPLIST_KEY_UISupportedInterfaceOrientations_iPhone = "UIInterfaceOrientationPortrait UIInterfaceOrientationLandscapeLeft UIInterfaceOrientationLandscapeRight";
				LD_RUNPATH_SEARCH_PATHS = (
					"$(inherited)",
					"@executable_path/Frameworks",
				);
				MARKETING_VERSION = 1.0;
				PRODUCT_BUNDLE_IDENTIFIER = "com.example.NihaarE.Where-TO-eat";
				PRODUCT_NAME = "$(TARGET_NAME)";
				SWIFT_EMIT_LOC_STRINGS = YES;
				SWIFT_VERSION = 5.0;
				TARGETED_DEVICE_FAMILY = "1,2";
			};
			name = Debug;
		};
		C4FA54BB2BD853F500309BCC /* Release */ = {
			isa = XCBuildConfiguration;
			buildSettings = {
				ASSETCATALOG_COMPILER_APPICON_NAME = AppIcon;
				ASSETCATALOG_COMPILER_GLOBAL_ACCENT_COLOR_NAME = AccentColor;
				CODE_SIGN_STYLE = Automatic;
				CURRENT_PROJECT_VERSION = 1;
				DEVELOPMENT_ASSET_PATHS = "\"Where-TO-eat/Preview Content\"";
				ENABLE_PREVIEWS = YES;
				GENERATE_INFOPLIST_FILE = YES;
				INFOPLIST_KEY_UIApplicationSceneManifest_Generation = YES;
				INFOPLIST_KEY_UIApplicationSupportsIndirectInputEvents = YES;
				INFOPLIST_KEY_UILaunchScreen_Generation = YES;
				INFOPLIST_KEY_UISupportedInterfaceOrientations_iPad = "UIInterfaceOrientationPortrait UIInterfaceOrientationPortraitUpsideDown UIInterfaceOrientationLandscapeLeft UIInterfaceOrientationLandscapeRight";
				INFOPLIST_KEY_UISupportedInterfaceOrientations_iPhone = "UIInterfaceOrientationPortrait UIInterfaceOrientationLandscapeLeft UIInterfaceOrientationLandscapeRight";
				LD_RUNPATH_SEARCH_PATHS = (
					"$(inherited)",
					"@executable_path/Frameworks",
				);
				MARKETING_VERSION = 1.0;
				PRODUCT_BUNDLE_IDENTIFIER = "com.example.NihaarE.Where-TO-eat";
				PRODUCT_NAME = "$(TARGET_NAME)";
				SWIFT_EMIT_LOC_STRINGS = YES;
				SWIFT_VERSION = 5.0;
				TARGETED_DEVICE_FAMILY = "1,2";
			};
			name = Release;
		};
		C4FA54BD2BD853F500309BCC /* Debug */ = {
			isa = XCBuildConfiguration;
			buildSettings = {
				ALWAYS_EMBED_SWIFT_STANDARD_LIBRARIES = YES;
				BUNDLE_LOADER = "$(TEST_HOST)";
				CODE_SIGN_STYLE = Automatic;
				CURRENT_PROJECT_VERSION = 1;
				GENERATE_INFOPLIST_FILE = YES;
				IPHONEOS_DEPLOYMENT_TARGET = 17.4;
				MARKETING_VERSION = 1.0;
				PRODUCT_BUNDLE_IDENTIFIER = "com.example.NihaarE.Where-TO-eatTests";
				PRODUCT_NAME = "$(TARGET_NAME)";
				SWIFT_EMIT_LOC_STRINGS = NO;
				SWIFT_VERSION = 5.0;
				TARGETED_DEVICE_FAMILY = "1,2";
				TEST_HOST = "$(BUILT_PRODUCTS_DIR)/Where-TO-eat.app/$(BUNDLE_EXECUTABLE_FOLDER_PATH)/Where-TO-eat";
			};
			name = Debug;
		};
		C4FA54BE2BD853F500309BCC /* Release */ = {
			isa = XCBuildConfiguration;
			buildSettings = {
				ALWAYS_EMBED_SWIFT_STANDARD_LIBRARIES = YES;
				BUNDLE_LOADER = "$(TEST_HOST)";
				CODE_SIGN_STYLE = Automatic;
				CURRENT_PROJECT_VERSION = 1;
				GENERATE_INFOPLIST_FILE = YES;
				IPHONEOS_DEPLOYMENT_TARGET = 17.4;
				MARKETING_VERSION = 1.0;
				PRODUCT_BUNDLE_IDENTIFIER = "com.example.NihaarE.Where-TO-eatTests";
				PRODUCT_NAME = "$(TARGET_NAME)";
				SWIFT_EMIT_LOC_STRINGS = NO;
				SWIFT_VERSION = 5.0;
				TARGETED_DEVICE_FAMILY = "1,2";
				TEST_HOST = "$(BUILT_PRODUCTS_DIR)/Where-TO-eat.app/$(BUNDLE_EXECUTABLE_FOLDER_PATH)/Where-TO-eat";
			};
			name = Release;
		};
		C4FA54C02BD853F500309BCC /* Debug */ = {
			isa = XCBuildConfiguration;
			buildSettings = {
				ALWAYS_EMBED_SWIFT_STANDARD_LIBRARIES = YES;
				CODE_SIGN_STYLE = Automatic;
				CURRENT_PROJECT_VERSION = 1;
				GENERATE_INFOPLIST_FILE = YES;
				MARKETING_VERSION = 1.0;
				PRODUCT_BUNDLE_IDENTIFIER = "com.example.NihaarE.Where-TO-eatUITests";
				PRODUCT_NAME = "$(TARGET_NAME)";
				SWIFT_EMIT_LOC_STRINGS = NO;
				SWIFT_VERSION = 5.0;
				TARGETED_DEVICE_FAMILY = "1,2";
				TEST_TARGET_NAME = "Where-TO-eat";
			};
			name = Debug;
		};
		C4FA54C12BD853F500309BCC /* Release */ = {
			isa = XCBuildConfiguration;
			buildSettings = {
				ALWAYS_EMBED_SWIFT_STANDARD_LIBRARIES = YES;
				CODE_SIGN_STYLE = Automatic;
				CURRENT_PROJECT_VERSION = 1;
				GENERATE_INFOPLIST_FILE = YES;
				MARKETING_VERSION = 1.0;
				PRODUCT_BUNDLE_IDENTIFIER = "com.example.NihaarE.Where-TO-eatUITests";
				PRODUCT_NAME = "$(TARGET_NAME)";
				SWIFT_EMIT_LOC_STRINGS = NO;
				SWIFT_VERSION = 5.0;
				TARGETED_DEVICE_FAMILY = "1,2";
				TEST_TARGET_NAME = "Where-TO-eat";
			};
			name = Release;
		};
/* End XCBuildConfiguration section */

/* Begin XCConfigurationList section */
		C4FA548E2BD853F100309BCC /* Build configuration list for PBXProject "Where-TO-eat" */ = {
			isa = XCConfigurationList;
			buildConfigurations = (
				C4FA54B72BD853F500309BCC /* Debug */,
				C4FA54B82BD853F500309BCC /* Release */,
			);
			defaultConfigurationIsVisible = 0;
			defaultConfigurationName = Release;
		};
		C4FA54B92BD853F500309BCC /* Build configuration list for PBXNativeTarget "Where-TO-eat" */ = {
			isa = XCConfigurationList;
			buildConfigurations = (
				C4FA54BA2BD853F500309BCC /* Debug */,
				C4FA54BB2BD853F500309BCC /* Release */,
			);
			defaultConfigurationIsVisible = 0;
			defaultConfigurationName = Release;
		};
		C4FA54BC2BD853F500309BCC /* Build configuration list for PBXNativeTarget "Where-TO-eatTests" */ = {
			isa = XCConfigurationList;
			buildConfigurations = (
				C4FA54BD2BD853F500309BCC /* Debug */,
				C4FA54BE2BD853F500309BCC /* Release */,
			);
			defaultConfigurationIsVisible = 0;
			defaultConfigurationName = Release;
		};
		C4FA54BF2BD853F500309BCC /* Build configuration list for PBXNativeTarget "Where-TO-eatUITests" */ = {
			isa = XCConfigurationList;
			buildConfigurations = (
				C4FA54C02BD853F500309BCC /* Debug */,
				C4FA54C12BD853F500309BCC /* Release */,
			);
			defaultConfigurationIsVisible = 0;
			defaultConfigurationName = Release;
		};
/* End XCConfigurationList section */

/* Begin XCRemoteSwiftPackageReference section */
		C4FA54C42BDED73B00309BCC /* XCRemoteSwiftPackageReference "SwiftFortuneWheel" */ = {
			isa = XCRemoteSwiftPackageReference;
			repositoryURL = "https://github.com/sh-khashimov/SwiftFortuneWheel";
			requirement = {
				kind = upToNextMajorVersion;
				minimumVersion = 1.4.4;
			};
		};
		C4FA54C52BDEE0AC00309BCC /* XCRemoteSwiftPackageReference "FortuneWheel" */ = {
			isa = XCRemoteSwiftPackageReference;
			repositoryURL = "https://github.com/sameersyd/FortuneWheel";
			requirement = {
				kind = upToNextMajorVersion;
				minimumVersion = 0.1.5;
			};
		};
/* End XCRemoteSwiftPackageReference section */

/* Begin XCSwiftPackageProductDependency section */
		C4FA54C62BDEE0AC00309BCC /* FortuneWheel */ = {
			isa = XCSwiftPackageProductDependency;
			package = C4FA54C52BDEE0AC00309BCC /* XCRemoteSwiftPackageReference "FortuneWheel" */;
			productName = FortuneWheel;
		};
/* End XCSwiftPackageProductDependency section */
	};
	rootObject = C4FA548B2BD853F100309BCC /* Project object */;
}
